
Microsoft Visual Studio Solution File, Format Version 12.00
# Visual Studio Version 16
VisualStudioVersion = 16.0.28729.10
MinimumVisualStudioVersion = 10.0.40219.1
Project("{FAE04EC0-301F-11D3-BF4B-00C04F79EFBC}") = "appangularCore", "appangularCore\appangularCore.csproj", "{F17738B8-6CD3-4264-AFE0-CECC2727E0D5}"
EndProject
Global
	GlobalSection(SolutionConfigurationPlatforms) = preSolution
		Debug|Any CPU = Debug|Any CPU
		Release|Any CPU = Release|Any CPU
	EndGlobalSection
	GlobalSection(ProjectConfigurationPlatforms) = postSolution
		{F17738B8-6CD3-4264-AFE0-CECC2727E0D5}.Debug|Any CPU.ActiveCfg = Debug|Any CPU
		{F17738B8-6CD3-4264-AFE0-CECC2727E0D5}.Debug|Any CPU.Build.0 = Debug|Any CPU
		{F17738B8-6CD3-4264-AFE0-CECC2727E0D5}.Release|Any CPU.ActiveCfg = Release|Any CPU
		{F17738B8-6CD3-4264-AFE0-CECC2727E0D5}.Release|Any CPU.Build.0 = Release|Any CPU
	EndGlobalSection
	GlobalSection(SolutionProperties) = preSolution
		HideSolutionNode = FALSE
	EndGlobalSection
	GlobalSection(ExtensibilityGlobals) = postSolution
		SolutionGuid = {0A662006-534D-4772-A60A-AC9E03E2BDD6}
	EndGlobalSection
EndGlobal
